
Microsoft Visual Studio Solution File, Format Version 12.00
# Visual Studio Version 16
VisualStudioVersion = 16.0.31624.102
MinimumVisualStudioVersion = 10.0.40219.1
Project("{9A19103F-16F7-4668-BE54-9A1E7A4F7556}") = "RecipeApp.API", "Client\RecipeApp.API\RecipeApp.API.csproj", "{DEEEB3E7-852B-4E42-91F4-D5CB47EF09D6}"
EndProject
Project("{9A19103F-16F7-4668-BE54-9A1E7A4F7556}") = "RecipeApp.Base", "RecipeApp.Base\RecipeApp.Base.csproj", "{478D998B-EE67-4233-979F-0D8EF6883C98}"
EndProject
Project("{9A19103F-16F7-4668-BE54-9A1E7A4F7556}") = "RecipeApp.Resource", "RecipeApp.Resource\RecipeApp.Resource.csproj", "{C6645B4D-8233-4E53-9866-245BB20AF2DB}"
EndProject
Project("{9A19103F-16F7-4668-BE54-9A1E7A4F7556}") = "RecipeApp.CLI", "Client\RecipeApp.CLI\RecipeApp.CLI.csproj", "{F7D7A3D2-29EF-48CB-800B-225ED1F5CDB9}"
EndProject
Project("{9A19103F-16F7-4668-BE54-9A1E7A4F7556}") = "RecipeApp.Utility", "RecipeApp.Utility\RecipeApp.Utility.csproj", "{55F9499D-D5F2-46DB-B86A-F5CD47A1232A}"
EndProject
Project("{2150E333-8FDC-42A3-9474-1A3956D46DE8}") = "Client", "Client", "{21691EFB-247E-4100-A850-EC34E24B3853}"
EndProject
Project("{2150E333-8FDC-42A3-9474-1A3956D46DE8}") = "Test", "Test", "{723A05C2-50B3-4B50-BB9F-95D4FB1A25F1}"
EndProject
Project("{FAE04EC0-301F-11D3-BF4B-00C04F79EFBC}") = "RecipeApp.Desktop", "Client\RecipeApp.Desktop\RecipeApp.Desktop.csproj", "{DB266D72-FB33-4BE6-B3F2-532C45A35341}"
EndProject
Global
	GlobalSection(SolutionConfigurationPlatforms) = preSolution
		Debug|Any CPU = Debug|Any CPU
		Debug|ARM = Debug|ARM
		Debug|ARM64 = Debug|ARM64
		Debug|x64 = Debug|x64
		Debug|x86 = Debug|x86
		Release|Any CPU = Release|Any CPU
		Release|ARM = Release|ARM
		Release|ARM64 = Release|ARM64
		Release|x64 = Release|x64
		Release|x86 = Release|x86
	EndGlobalSection
	GlobalSection(ProjectConfigurationPlatforms) = postSolution
		{DEEEB3E7-852B-4E42-91F4-D5CB47EF09D6}.Debug|Any CPU.ActiveCfg = Debug|Any CPU
		{DEEEB3E7-852B-4E42-91F4-D5CB47EF09D6}.Debug|Any CPU.Build.0 = Debug|Any CPU
		{DEEEB3E7-852B-4E42-91F4-D5CB47EF09D6}.Debug|ARM.ActiveCfg = Debug|Any CPU
		{DEEEB3E7-852B-4E42-91F4-D5CB47EF09D6}.Debug|ARM.Build.0 = Debug|Any CPU
		{DEEEB3E7-852B-4E42-91F4-D5CB47EF09D6}.Debug|ARM64.ActiveCfg = Debug|Any CPU
		{DEEEB3E7-852B-4E42-91F4-D5CB47EF09D6}.Debug|ARM64.Build.0 = Debug|Any CPU
		{DEEEB3E7-852B-4E42-91F4-D5CB47EF09D6}.Debug|x64.ActiveCfg = Debug|Any CPU
		{DEEEB3E7-852B-4E42-91F4-D5CB47EF09D6}.Debug|x64.Build.0 = Debug|Any CPU
		{DEEEB3E7-852B-4E42-91F4-D5CB47EF09D6}.Debug|x86.ActiveCfg = Debug|Any CPU
		{DEEEB3E7-852B-4E42-91F4-D5CB47EF09D6}.Debug|x86.Build.0 = Debug|Any CPU
		{DEEEB3E7-852B-4E42-91F4-D5CB47EF09D6}.Release|Any CPU.ActiveCfg = Release|Any CPU
		{DEEEB3E7-852B-4E42-91F4-D5CB47EF09D6}.Release|Any CPU.Build.0 = Release|Any CPU
		{DEEEB3E7-852B-4E42-91F4-D5CB47EF09D6}.Release|ARM.ActiveCfg = Release|Any CPU
		{DEEEB3E7-852B-4E42-91F4-D5CB47EF09D6}.Release|ARM.Build.0 = Release|Any CPU
		{DEEEB3E7-852B-4E42-91F4-D5CB47EF09D6}.Release|ARM64.ActiveCfg = Release|Any CPU
		{DEEEB3E7-852B-4E42-91F4-D5CB47EF09D6}.Release|ARM64.Build.0 = Release|Any CPU
		{DEEEB3E7-852B-4E42-91F4-D5CB47EF09D6}.Release|x64.ActiveCfg = Release|Any CPU
		{DEEEB3E7-852B-4E42-91F4-D5CB47EF09D6}.Release|x64.Build.0 = Release|Any CPU
		{DEEEB3E7-852B-4E42-91F4-D5CB47EF09D6}.Release|x86.ActiveCfg = Release|Any CPU
		{DEEEB3E7-852B-4E42-91F4-D5CB47EF09D6}.Release|x86.Build.0 = Release|Any CPU
		{478D998B-EE67-4233-979F-0D8EF6883C98}.Debug|Any CPU.ActiveCfg = Debug|Any CPU
		{478D998B-EE67-4233-979F-0D8EF6883C98}.Debug|Any CPU.Build.0 = Debug|Any CPU
		{478D998B-EE67-4233-979F-0D8EF6883C98}.Debug|ARM.ActiveCfg = Debug|Any CPU
		{478D998B-EE67-4233-979F-0D8EF6883C98}.Debug|ARM.Build.0 = Debug|Any CPU
		{478D998B-EE67-4233-979F-0D8EF6883C98}.Debug|ARM64.ActiveCfg = Debug|Any CPU
		{478D998B-EE67-4233-979F-0D8EF6883C98}.Debug|ARM64.Build.0 = Debug|Any CPU
		{478D998B-EE67-4233-979F-0D8EF6883C98}.Debug|x64.ActiveCfg = Debug|Any CPU
		{478D998B-EE67-4233-979F-0D8EF6883C98}.Debug|x64.Build.0 = Debug|Any CPU
		{478D998B-EE67-4233-979F-0D8EF6883C98}.Debug|x86.ActiveCfg = Debug|Any CPU
		{478D998B-EE67-4233-979F-0D8EF6883C98}.Debug|x86.Build.0 = Debug|Any CPU
		{478D998B-EE67-4233-979F-0D8EF6883C98}.Release|Any CPU.ActiveCfg = Release|Any CPU
		{478D998B-EE67-4233-979F-0D8EF6883C98}.Release|Any CPU.Build.0 = Release|Any CPU
		{478D998B-EE67-4233-979F-0D8EF6883C98}.Release|ARM.ActiveCfg = Release|Any CPU
		{478D998B-EE67-4233-979F-0D8EF6883C98}.Release|ARM.Build.0 = Release|Any CPU
		{478D998B-EE67-4233-979F-0D8EF6883C98}.Release|ARM64.ActiveCfg = Release|Any CPU
		{478D998B-EE67-4233-979F-0D8EF6883C98}.Release|ARM64.Build.0 = Release|Any CPU
		{478D998B-EE67-4233-979F-0D8EF6883C98}.Release|x64.ActiveCfg = Release|Any CPU
		{478D998B-EE67-4233-979F-0D8EF6883C98}.Release|x64.Build.0 = Release|Any CPU
		{478D998B-EE67-4233-979F-0D8EF6883C98}.Release|x86.ActiveCfg = Release|Any CPU
		{478D998B-EE67-4233-979F-0D8EF6883C98}.Release|x86.Build.0 = Release|Any CPU
		{C6645B4D-8233-4E53-9866-245BB20AF2DB}.Debug|Any CPU.ActiveCfg = Debug|Any CPU
		{C6645B4D-8233-4E53-9866-245BB20AF2DB}.Debug|Any CPU.Build.0 = Debug|Any CPU
		{C6645B4D-8233-4E53-9866-245BB20AF2DB}.Debug|ARM.ActiveCfg = Debug|Any CPU
		{C6645B4D-8233-4E53-9866-245BB20AF2DB}.Debug|ARM.Build.0 = Debug|Any CPU
		{C6645B4D-8233-4E53-9866-245BB20AF2DB}.Debug|ARM64.ActiveCfg = Debug|Any CPU
		{C6645B4D-8233-4E53-9866-245BB20AF2DB}.Debug|ARM64.Build.0 = Debug|Any CPU
		{C6645B4D-8233-4E53-9866-245BB20AF2DB}.Debug|x64.ActiveCfg = Debug|Any CPU
		{C6645B4D-8233-4E53-9866-245BB20AF2DB}.Debug|x64.Build.0 = Debug|Any CPU
		{C6645B4D-8233-4E53-9866-245BB20AF2DB}.Debug|x86.ActiveCfg = Debug|Any CPU
		{C6645B4D-8233-4E53-9866-245BB20AF2DB}.Debug|x86.Build.0 = Debug|Any CPU
		{C6645B4D-8233-4E53-9866-245BB20AF2DB}.Release|Any CPU.ActiveCfg = Release|Any CPU
		{C6645B4D-8233-4E53-9866-245BB20AF2DB}.Release|Any CPU.Build.0 = Release|Any CPU
		{C6645B4D-8233-4E53-9866-245BB20AF2DB}.Release|ARM.ActiveCfg = Release|Any CPU
		{C6645B4D-8233-4E53-9866-245BB20AF2DB}.Release|ARM.Build.0 = Release|Any CPU
		{C6645B4D-8233-4E53-9866-245BB20AF2DB}.Release|ARM64.ActiveCfg = Release|Any CPU
		{C6645B4D-8233-4E53-9866-245BB20AF2DB}.Release|ARM64.Build.0 = Release|Any CPU
		{C6645B4D-8233-4E53-9866-245BB20AF2DB}.Release|x64.ActiveCfg = Release|Any CPU
		{C6645B4D-8233-4E53-9866-245BB20AF2DB}.Release|x64.Build.0 = Release|Any CPU
		{C6645B4D-8233-4E53-9866-245BB20AF2DB}.Release|x86.ActiveCfg = Release|Any CPU
		{C6645B4D-8233-4E53-9866-245BB20AF2DB}.Release|x86.Build.0 = Release|Any CPU
		{F7D7A3D2-29EF-48CB-800B-225ED1F5CDB9}.Debug|Any CPU.ActiveCfg = Debug|Any CPU
		{F7D7A3D2-29EF-48CB-800B-225ED1F5CDB9}.Debug|Any CPU.Build.0 = Debug|Any CPU
		{F7D7A3D2-29EF-48CB-800B-225ED1F5CDB9}.Debug|ARM.ActiveCfg = Debug|Any CPU
		{F7D7A3D2-29EF-48CB-800B-225ED1F5CDB9}.Debug|ARM.Build.0 = Debug|Any CPU
		{F7D7A3D2-29EF-48CB-800B-225ED1F5CDB9}.Debug|ARM64.ActiveCfg = Debug|Any CPU
		{F7D7A3D2-29EF-48CB-800B-225ED1F5CDB9}.Debug|ARM64.Build.0 = Debug|Any CPU
		{F7D7A3D2-29EF-48CB-800B-225ED1F5CDB9}.Debug|x64.ActiveCfg = Debug|Any CPU
		{F7D7A3D2-29EF-48CB-800B-225ED1F5CDB9}.Debug|x64.Build.0 = Debug|Any CPU
		{F7D7A3D2-29EF-48CB-800B-225ED1F5CDB9}.Debug|x86.ActiveCfg = Debug|Any CPU
		{F7D7A3D2-29EF-48CB-800B-225ED1F5CDB9}.Debug|x86.Build.0 = Debug|Any CPU
		{F7D7A3D2-29EF-48CB-800B-225ED1F5CDB9}.Release|Any CPU.ActiveCfg = Release|Any CPU
		{F7D7A3D2-29EF-48CB-800B-225ED1F5CDB9}.Release|Any CPU.Build.0 = Release|Any CPU
		{F7D7A3D2-29EF-48CB-800B-225ED1F5CDB9}.Release|ARM.ActiveCfg = Release|Any CPU
		{F7D7A3D2-29EF-48CB-800B-225ED1F5CDB9}.Release|ARM.Build.0 = Release|Any CPU
		{F7D7A3D2-29EF-48CB-800B-225ED1F5CDB9}.Release|ARM64.ActiveCfg = Release|Any CPU
		{F7D7A3D2-29EF-48CB-800B-225ED1F5CDB9}.Release|ARM64.Build.0 = Release|Any CPU
		{F7D7A3D2-29EF-48CB-800B-225ED1F5CDB9}.Release|x64.ActiveCfg = Release|Any CPU
		{F7D7A3D2-29EF-48CB-800B-225ED1F5CDB9}.Release|x64.Build.0 = Release|Any CPU
		{F7D7A3D2-29EF-48CB-800B-225ED1F5CDB9}.Release|x86.ActiveCfg = Release|Any CPU
		{F7D7A3D2-29EF-48CB-800B-225ED1F5CDB9}.Release|x86.Build.0 = Release|Any CPU
		{55F9499D-D5F2-46DB-B86A-F5CD47A1232A}.Debug|Any CPU.ActiveCfg = Debug|Any CPU
		{55F9499D-D5F2-46DB-B86A-F5CD47A1232A}.Debug|Any CPU.Build.0 = Debug|Any CPU
		{55F9499D-D5F2-46DB-B86A-F5CD47A1232A}.Debug|ARM.ActiveCfg = Debug|Any CPU
		{55F9499D-D5F2-46DB-B86A-F5CD47A1232A}.Debug|ARM.Build.0 = Debug|Any CPU
		{55F9499D-D5F2-46DB-B86A-F5CD47A1232A}.Debug|ARM64.ActiveCfg = Debug|Any CPU
		{55F9499D-D5F2-46DB-B86A-F5CD47A1232A}.Debug|ARM64.Build.0 = Debug|Any CPU
		{55F9499D-D5F2-46DB-B86A-F5CD47A1232A}.Debug|x64.ActiveCfg = Debug|Any CPU
		{55F9499D-D5F2-46DB-B86A-F5CD47A1232A}.Debug|x64.Build.0 = Debug|Any CPU
		{55F9499D-D5F2-46DB-B86A-F5CD47A1232A}.Debug|x86.ActiveCfg = Debug|Any CPU
		{55F9499D-D5F2-46DB-B86A-F5CD47A1232A}.Debug|x86.Build.0 = Debug|Any CPU
		{55F9499D-D5F2-46DB-B86A-F5CD47A1232A}.Release|Any CPU.ActiveCfg = Release|Any CPU
		{55F9499D-D5F2-46DB-B86A-F5CD47A1232A}.Release|Any CPU.Build.0 = Release|Any CPU
		{55F9499D-D5F2-46DB-B86A-F5CD47A1232A}.Release|ARM.ActiveCfg = Release|Any CPU
		{55F9499D-D5F2-46DB-B86A-F5CD47A1232A}.Release|ARM.Build.0 = Release|Any CPU
		{55F9499D-D5F2-46DB-B86A-F5CD47A1232A}.Release|ARM64.ActiveCfg = Release|Any CPU
		{55F9499D-D5F2-46DB-B86A-F5CD47A1232A}.Release|ARM64.Build.0 = Release|Any CPU
		{55F9499D-D5F2-46DB-B86A-F5CD47A1232A}.Release|x64.ActiveCfg = Release|Any CPU
		{55F9499D-D5F2-46DB-B86A-F5CD47A1232A}.Release|x64.Build.0 = Release|Any CPU
		{55F9499D-D5F2-46DB-B86A-F5CD47A1232A}.Release|x86.ActiveCfg = Release|Any CPU
		{55F9499D-D5F2-46DB-B86A-F5CD47A1232A}.Release|x86.Build.0 = Release|Any CPU
		{DB266D72-FB33-4BE6-B3F2-532C45A35341}.Debug|Any CPU.ActiveCfg = Debug|Any CPU
		{DB266D72-FB33-4BE6-B3F2-532C45A35341}.Debug|Any CPU.Build.0 = Debug|Any CPU
		{DB266D72-FB33-4BE6-B3F2-532C45A35341}.Debug|ARM.ActiveCfg = Debug|Any CPU
		{DB266D72-FB33-4BE6-B3F2-532C45A35341}.Debug|ARM.Build.0 = Debug|Any CPU
		{DB266D72-FB33-4BE6-B3F2-532C45A35341}.Debug|ARM64.ActiveCfg = Debug|Any CPU
		{DB266D72-FB33-4BE6-B3F2-532C45A35341}.Debug|ARM64.Build.0 = Debug|Any CPU
		{DB266D72-FB33-4BE6-B3F2-532C45A35341}.Debug|x64.ActiveCfg = Debug|Any CPU
		{DB266D72-FB33-4BE6-B3F2-532C45A35341}.Debug|x64.Build.0 = Debug|Any CPU
		{DB266D72-FB33-4BE6-B3F2-532C45A35341}.Debug|x86.ActiveCfg = Debug|Any CPU
		{DB266D72-FB33-4BE6-B3F2-532C45A35341}.Debug|x86.Build.0 = Debug|Any CPU
		{DB266D72-FB33-4BE6-B3F2-532C45A35341}.Release|Any CPU.ActiveCfg = Release|Any CPU
		{DB266D72-FB33-4BE6-B3F2-532C45A35341}.Release|Any CPU.Build.0 = Release|Any CPU
		{DB266D72-FB33-4BE6-B3F2-532C45A35341}.Release|ARM.ActiveCfg = Release|Any CPU
		{DB266D72-FB33-4BE6-B3F2-532C45A35341}.Release|ARM.Build.0 = Release|Any CPU
		{DB266D72-FB33-4BE6-B3F2-532C45A35341}.Release|ARM64.ActiveCfg = Release|Any CPU
		{DB266D72-FB33-4BE6-B3F2-532C45A35341}.Release|ARM64.Build.0 = Release|Any CPU
		{DB266D72-FB33-4BE6-B3F2-532C45A35341}.Release|x64.ActiveCfg = Release|Any CPU
		{DB266D72-FB33-4BE6-B3F2-532C45A35341}.Release|x64.Build.0 = Release|Any CPU
		{DB266D72-FB33-4BE6-B3F2-532C45A35341}.Release|x86.ActiveCfg = Release|Any CPU
		{DB266D72-FB33-4BE6-B3F2-532C45A35341}.Release|x86.Build.0 = Release|Any CPU
	EndGlobalSection
	GlobalSection(SolutionProperties) = preSolution
		HideSolutionNode = FALSE
	EndGlobalSection
	GlobalSection(NestedProjects) = preSolution
		{DEEEB3E7-852B-4E42-91F4-D5CB47EF09D6} = {21691EFB-247E-4100-A850-EC34E24B3853}
		{F7D7A3D2-29EF-48CB-800B-225ED1F5CDB9} = {21691EFB-247E-4100-A850-EC34E24B3853}
		{DB266D72-FB33-4BE6-B3F2-532C45A35341} = {21691EFB-247E-4100-A850-EC34E24B3853}
	EndGlobalSection
	GlobalSection(ExtensibilityGlobals) = postSolution
		SolutionGuid = {81F017A3-5DB6-4210-B083-BB636422408B}
	EndGlobalSection
EndGlobal
